{
  "name": "node-course-content",
  "lockfileVersion": 3,
  "requires": true,
  "packages": {
    "": {
      "dependencies": {
        "mitata": "^1.0.33"
      }
    },
    "node_modules/mitata": {
      "version": "1.0.33",
      "resolved": "https://registry.npmjs.org/mitata/-/mitata-1.0.33.tgz",
      "integrity": "sha512-ZRbHD4ZGAbC1B9SYCZXjLox2scPCauhTPkXGk2o7CGj/wNeBNjagwFutphDCgJNbEF80fyMBcPdkfr+WFC9cHw==",
      "license": "MIT"
    }
  }
}
