{
  "name": "27-request-showdown",
  "version": "1.0.0",
  "lockfileVersion": 3,
  "requires": true,
  "packages": {
    "": {
      "name": "27-request-showdown",
      "version": "1.0.0",
      "license": "ISC",
      "dependencies": {
        "undici": "^7.3.0"
      }
    },
    "node_modules/undici": {
      "version": "7.3.0",
      "resolved": "https://registry.npmjs.org/undici/-/undici-7.3.0.tgz",
      "integrity": "sha512-Qy96NND4Dou5jKoSJ2gm8ax8AJM/Ey9o9mz7KN1bb9GP+G0l20Zw8afxTnY2f4b7hmhn/z8aC2kfArVQlAhFBw==",
      "license": "MIT",
      "engines": {
        "node": ">=20.18.1"
      }
    }
  }
}
